
Microsoft Visual Studio Solution File, Format Version 12.00
# Visual Studio Version 16
VisualStudioVersion = 25.0.1706.1
MinimumVisualStudioVersion = 10.0.40219.1
Project("{FAE04EC0-301F-11D3-BF4B-00C04F79EFBC}") = "Streaky.Udemy", "Streaky.Udemy\Streaky.Udemy.csproj", "{BFF3DC39-689D-4346-B558-296F6818889A}"
EndProject
Project("{FAE04EC0-301F-11D3-BF4B-00C04F79EFBC}") = "Streaky.Udemy.Tests", "Streaky.Udemy.Tests\Streaky.Udemy.Tests.csproj", "{1682C2DE-3D6F-4F64-A088-0D27A5F4AB6D}"
EndProject
Global
	GlobalSection(SolutionConfigurationPlatforms) = preSolution
		Debug|Any CPU = Debug|Any CPU
		Release|Any CPU = Release|Any CPU
	EndGlobalSection
	GlobalSection(ProjectConfigurationPlatforms) = postSolution
		{BFF3DC39-689D-4346-B558-296F6818889A}.Debug|Any CPU.ActiveCfg = Debug|Any CPU
		{BFF3DC39-689D-4346-B558-296F6818889A}.Debug|Any CPU.Build.0 = Debug|Any CPU
		{BFF3DC39-689D-4346-B558-296F6818889A}.Release|Any CPU.ActiveCfg = Release|Any CPU
		{BFF3DC39-689D-4346-B558-296F6818889A}.Release|Any CPU.Build.0 = Release|Any CPU
		{1682C2DE-3D6F-4F64-A088-0D27A5F4AB6D}.Debug|Any CPU.ActiveCfg = Debug|Any CPU
		{1682C2DE-3D6F-4F64-A088-0D27A5F4AB6D}.Debug|Any CPU.Build.0 = Debug|Any CPU
		{1682C2DE-3D6F-4F64-A088-0D27A5F4AB6D}.Release|Any CPU.ActiveCfg = Release|Any CPU
		{1682C2DE-3D6F-4F64-A088-0D27A5F4AB6D}.Release|Any CPU.Build.0 = Release|Any CPU
	EndGlobalSection
	GlobalSection(SolutionProperties) = preSolution
		HideSolutionNode = FALSE
	EndGlobalSection
	GlobalSection(ExtensibilityGlobals) = postSolution
		SolutionGuid = {2687905E-61BA-4B2B-9BF7-B01048A5A670}
	EndGlobalSection
EndGlobal
